
Microsoft Visual Studio Solution File, Format Version 12.00
# Visual Studio Version 17
VisualStudioVersion = 17.2.32526.322
MinimumVisualStudioVersion = 10.0.40219.1
Project("{FAE04EC0-301F-11D3-BF4B-00C04F79EFBC}") = "SMS", "SMS.csproj", "{9F863054-58B1-4DAD-909B-F9FC7BA2FC5C}"
EndProject
Global
	GlobalSection(SolutionConfigurationPlatforms) = preSolution
		Debug|Any CPU = Debug|Any CPU
		Release|Any CPU = Release|Any CPU
	EndGlobalSection
	GlobalSection(ProjectConfigurationPlatforms) = postSolution
		{9F863054-58B1-4DAD-909B-F9FC7BA2FC5C}.Debug|Any CPU.ActiveCfg = Debug|Any CPU
		{9F863054-58B1-4DAD-909B-F9FC7BA2FC5C}.Debug|Any CPU.Build.0 = Debug|Any CPU
		{9F863054-58B1-4DAD-909B-F9FC7BA2FC5C}.Release|Any CPU.ActiveCfg = Release|Any CPU
		{9F863054-58B1-4DAD-909B-F9FC7BA2FC5C}.Release|Any CPU.Build.0 = Release|Any CPU
	EndGlobalSection
	GlobalSection(SolutionProperties) = preSolution
		HideSolutionNode = FALSE
	EndGlobalSection
	GlobalSection(ExtensibilityGlobals) = postSolution
		SolutionGuid = {751DBB2C-9E5E-4C71-AE13-58C465AEC1B5}
	EndGlobalSection
EndGlobal
